# This file is autogenerated, do not edit; changes may be undone by the next 'dep ensure'.


[[projects]]
  digest = "1:19302943111284e552f83a578af066440afa417d51f56c5b5364d92eb0fcfbb2"
  name = "github.com/aws/aws-sdk-go"
  packages = [
    "aws",
    "aws/awserr",
    "aws/awsutil",
    "aws/client",
    "aws/client/metadata",
    "aws/corehandlers",
    "aws/credentials",
    "aws/credentials/ec2rolecreds",
    "aws/credentials/endpointcreds",
    "aws/credentials/stscreds",
    "aws/defaults",
    "aws/ec2metadata",
    "aws/endpoints",
    "aws/request",
    "aws/session",
    "aws/signer/v4",
    "internal/shareddefaults",
    "private/protocol",
    "private/protocol/json/jsonutil",
    "private/protocol/jsonrpc",
    "private/protocol/query",
    "private/protocol/query/queryutil",
    "private/protocol/rest",
    "private/protocol/restxml",
    "private/protocol/xml/xmlutil",
    "service/dynamodb",
    "service/s3",
    "service/s3/s3iface",
    "service/s3/s3manager",
    "service/sts",
  ]
  pruneopts = "UT"
  revision = "df374c20d53ed082b8cf0d0da52b1a181abf387b"

[[projects]]
  branch = "master"
  digest = "1:69800e1753d98186daee9730282637aae3e5ef5d94ca33f23176dad401e79408"
  name = "github.com/bradhe/stopwatch"
  packages = ["."]
  pruneopts = "UT"
  revision = "fd55e776a960ff999fa1dc7f2a64e0a82d8b1f07"

[[projects]]
  digest = "1:511f7e1ca840c3b8c5761870d8606aa8bdf95f5d422a74fbe0ef3cf210cfe2c9"
  name = "github.com/davecgh/go-spew"
  packages = ["spew"]
  pruneopts = "UT"
  revision = "04cdfd42973bb9c8589fd6a731800cf222fde1a9"

[[projects]]
  digest = "1:76dc72490af7174349349838f2fe118996381b31ea83243812a97e5a0fd5ed55"
  name = "github.com/dgrijalva/jwt-go"
  packages = ["."]
  pruneopts = "UT"
  revision = "06ea1031745cb8b3dab3f6a236daf2b0aa468b7e"
  version = "v3.2.0"

[[projects]]
  digest = "1:15e27372d379b45b18ac917b9dafc45c45485239490ece18cca97a12f9591146"
  name = "github.com/go-ini/ini"
  packages = ["."]
  pruneopts = "UT"
  revision = "9c8236e659b76e87bf02044d06fde8683008ff3e"
  version = "v1.39.0"

[[projects]]
  digest = "1:c79fb010be38a59d657c48c6ba1d003a8aa651fa56b579d959d74573b7dff8e1"
  name = "github.com/gorilla/context"
  packages = ["."]
  pruneopts = "UT"
  revision = "08b5f424b9271eedf6f9f0ce86cb9396ed337a42"
  version = "v1.1.1"

[[projects]]
  digest = "1:e166741665f1c34dfc4a3377da2689bddbb4f1c2e6c27795de116e2ebdb86f6f"
  name = "github.com/gorilla/mux"
  packages = ["."]
  pruneopts = "UT"
  revision = "94231ffd98496cbcb1c15b7bf2a9edfd5f852cd4"

[[projects]]
  digest = "1:b87714e57a511d88f307aba7d5b63522da12bed0a050889c81272fc50f71100e"
  name = "github.com/jmespath/go-jmespath"
  packages = ["."]
  pruneopts = "UT"
  revision = "3433f3ea46d9f8019119e7dd41274e112a2359a9"
  version = "0.2.2"

[[projects]]
  digest = "1:08413c4235cad94a96c39e1e2f697789733c4a87d1fdf06b412d2cf2ba49826a"
  name = "github.com/pmezard/go-difflib"
  packages = ["difflib"]
  pruneopts = "UT"
  revision = "d8ed2627bdf02c080bf22230dbb337003b7aba2d"

[[projects]]
  digest = "1:4be2a531432af258ee008b62e0291a28df212b4e2842e001a98887da7c3fba70"
  name = "github.com/reflect/xflag"
  packages = ["."]
  pruneopts = "UT"
  revision = "15ed4d0ccb1016839f5b83e53109b2c54c871dfb"

[[projects]]
  digest = "1:7ab696eb65eef48aa01c255ce3979e716259987e1af2a69891d47b17c6127819"
  name = "github.com/sirupsen/logrus"
  packages = ["."]
  pruneopts = "UT"
  revision = "778f2e774c725116edbc3d039dc0dfc1cc62aae8"

[[projects]]
  digest = "1:498565cf249f70c3008005cf92a90ef6c04fd0f310c4fcbf384cef62645bdf71"
  name = "github.com/stretchr/testify"
  packages = [
    "assert",
    "require",
  ]
  pruneopts = "UT"
  revision = "2aa2c176b9dab406a6970f6a55f513e8a8c8b18f"

[[projects]]
  digest = "1:3f3a05ae0b95893d90b9b3b5afdb79a9b3d96e4e36e099d841ae602e4aca0da8"
  name = "golang.org/x/crypto"
  packages = ["ssh/terminal"]
  pruneopts = "UT"
  revision = "beb2a9779c3b677077c41673505f150149fce895"

[[projects]]
  digest = "1:a0690805c89b65ffd12618b9626a99918685e683de4f796a3defb6464535685a"
  name = "golang.org/x/sys"
  packages = [
    "unix",
    "windows",
  ]
  pruneopts = "UT"
  revision = "f6f352972f061230a99fbf49d1eb8073ebdb36cb"

[solve-meta]
  analyzer-name = "dep"
  analyzer-version = 1
  input-imports = [
    "github.com/aws/aws-sdk-go/aws",
    "github.com/aws/aws-sdk-go/aws/credentials",
    "github.com/aws/aws-sdk-go/aws/credentials/ec2rolecreds",
    "github.com/aws/aws-sdk-go/aws/ec2metadata",
    "github.com/aws/aws-sdk-go/aws/session",
    "github.com/aws/aws-sdk-go/service/dynamodb",
    "github.com/aws/aws-sdk-go/service/s3",
    "github.com/aws/aws-sdk-go/service/s3/s3manager",
    "github.com/bradhe/stopwatch",
    "github.com/dgrijalva/jwt-go",
    "github.com/gorilla/mux",
    "github.com/reflect/xflag",
    "github.com/sirupsen/logrus",
    "github.com/stretchr/testify/assert",
    "github.com/stretchr/testify/require",
  ]
  solver-name = "gps-cdcl"
  solver-version = 1
